// !$*UTF8*$!
{
	archiveVersion = 1;
	classes = {
	};
	objectVersion = 77;
	objects = {

/* Begin PBXBuildFile section */
		3F656C912ECD8775006D8312 /* FirebaseAnalytics in Frameworks */ = {isa = PBXBuildFile; productRef = 3F656C902ECD8775006D8312 /* FirebaseAnalytics */; };
		3F656C932ECD8BD7006D8312 /* FirebaseAuth in Frameworks */ = {isa = PBXBuildFile; productRef = 3F656C922ECD8BD7006D8312 /* FirebaseAuth */; };
		3F656C952ECD8BD7006D8312 /* FirebaseCore in Frameworks */ = {isa = PBXBuildFile; productRef = 3F656C942ECD8BD7006D8312 /* FirebaseCore */; };
		3F656C972ECD8BD7006D8312 /* FirebaseFirestore in Frameworks */ = {isa = PBXBuildFile; productRef = 3F656C962ECD8BD7006D8312 /* FirebaseFirestore */; };
/* End PBXBuildFile section */

/* Begin PBXContainerItemProxy section */
		3F394B382EC597C100E51CE4 /* PBXContainerItemProxy */ = {
			isa = PBXContainerItemProxy;
			containerPortal = 3F394B222EC597C000E51CE4 /* Project object */;
			proxyType = 1;
			remoteGlobalIDString = 3F394B292EC597C000E51CE4;
			remoteInfo = WeCare;
		};
		3F394B422EC597C100E51CE4 /* PBXContainerItemProxy */ = {
			isa = PBXContainerItemProxy;
			containerPortal = 3F394B222EC597C000E51CE4 /* Project object */;
			proxyType = 1;
			remoteGlobalIDString = 3F394B292EC597C000E51CE4;
			remoteInfo = WeCare;
		};
/* End PBXContainerItemProxy section */

/* Begin PBXFileReference section */
		3F394B2A2EC597C000E51CE4 /* WeCare.app */ = {isa = PBXFileReference; explicitFileType = wrapper.application; includeInIndex = 0; path = WeCare.app; sourceTree = BUILT_PRODUCTS_DIR; };
		3F394B372EC597C100E51CE4 /* WeCareTests.xctest */ = {isa = PBXFileReference; explicitFileType = wrapper.cfbundle; includeInIndex = 0; path = WeCareTests.xctest; sourceTree = BUILT_PRODUCTS_DIR; };
		3F394B412EC597C100E51CE4 /* WeCareUITests.xctest */ = {isa = PBXFileReference; explicitFileType = wrapper.cfbundle; includeInIndex = 0; path = WeCareUITests.xctest; sourceTree = BUILT_PRODUCTS_DIR; };
/* End PBXFileReference section */

/* Begin PBXFileSystemSynchronizedRootGroup section */
		3F394B2C2EC597C000E51CE4 /* WeCare */ = {
			isa = PBXFileSystemSynchronizedRootGroup;
			path = WeCare;
			sourceTree = "<group>";
		};
		3F394B3A2EC597C100E51CE4 /* WeCareTests */ = {
			isa = PBXFileSystemSynchronizedRootGroup;
			path = WeCareTests;
			sourceTree = "<group>";
		};
		3F394B442EC597C100E51CE4 /* WeCareUITests */ = {
			isa = PBXFileSystemSynchronizedRootGroup;
			path = WeCareUITests;
			sourceTree = "<group>";
		};
/* End PBXFileSystemSynchronizedRootGroup section */

/* Begin PBXFrameworksBuildPhase section */
		3F394B272EC597C000E51CE4 /* Frameworks */ = {
			isa = PBXFrameworksBuildPhase;
			buildActionMask = 2147483647;
			files = (
				3F656C912ECD8775006D8312 /* FirebaseAnalytics in Frameworks */,
				3F656C972ECD8BD7006D8312 /* FirebaseFirestore in Frameworks */,
				3F656C952ECD8BD7006D8312 /* FirebaseCore in Frameworks */,
				3F656C932ECD8BD7006D8312 /* FirebaseAuth in Frameworks */,
			);
			runOnlyForDeploymentPostprocessing = 0;
		};
		3F394B342EC597C100E51CE4 /* Frameworks */ = {
			isa = PBXFrameworksBuildPhase;
			buildActionMask = 2147483647;
			files = (
			);
			runOnlyForDeploymentPostprocessing = 0;
		};
		3F394B3E2EC597C100E51CE4 /* Frameworks */ = {
			isa = PBXFrameworksBuildPhase;
			buildActionMask = 2147483647;
			files = (
			);
			runOnlyForDeploymentPostprocessing = 0;
		};
/* End PBXFrameworksBuildPhase section */

/* Begin PBXGroup section */
		3F394B212EC597C000E51CE4 = {
			isa = PBXGroup;
			children = (
				3F394B2C2EC597C000E51CE4 /* WeCare */,
				3F394B3A2EC597C100E51CE4 /* WeCareTests */,
				3F394B442EC597C100E51CE4 /* WeCareUITests */,
				3F394B2B2EC597C000E51CE4 /* Products */,
			);
			sourceTree = "<group>";
		};
		3F394B2B2EC597C000E51CE4 /* Products */ = {
			isa = PBXGroup;
			children = (
				3F394B2A2EC597C000E51CE4 /* WeCare.app */,
				3F394B372EC597C100E51CE4 /* WeCareTests.xctest */,
				3F394B412EC597C100E51CE4 /* WeCareUITests.xctest */,
			);
			name = Products;
			sourceTree = "<group>";
		};
/* End PBXGroup section */

/* Begin PBXNativeTarget section */
		3F394B292EC597C000E51CE4 /* WeCare */ = {
			isa = PBXNativeTarget;
			buildConfigurationList = 3F394B4B2EC597C100E51CE4 /* Build configuration list for PBXNativeTarget "WeCare" */;
			buildPhases = (
				3F394B262EC597C000E51CE4 /* Sources */,
				3F394B272EC597C000E51CE4 /* Frameworks */,
				3F394B282EC597C000E51CE4 /* Resources */,
			);
			buildRules = (
			);
			dependencies = (
			);
			fileSystemSynchronizedGroups = (
				3F394B2C2EC597C000E51CE4 /* WeCare */,
			);
			name = WeCare;
			packageProductDependencies = (
				3F656C902ECD8775006D8312 /* FirebaseAnalytics */,
				3F656C922ECD8BD7006D8312 /* FirebaseAuth */,
				3F656C942ECD8BD7006D8312 /* FirebaseCore */,
				3F656C962ECD8BD7006D8312 /* FirebaseFirestore */,
			);
			productName = WeCare;
			productReference = 3F394B2A2EC597C000E51CE4 /* WeCare.app */;
			productType = "com.apple.product-type.application";
		};
		3F394B362EC597C100E51CE4 /* WeCareTests */ = {
			isa = PBXNativeTarget;
			buildConfigurationList = 3F394B4E2EC597C100E51CE4 /* Build configuration list for PBXNativeTarget "WeCareTests" */;
			buildPhases = (
				3F394B332EC597C100E51CE4 /* Sources */,
				3F394B342EC597C100E51CE4 /* Frameworks */,
				3F394B352EC597C100E51CE4 /* Resources */,
			);
			buildRules = (
			);
			dependencies = (
				3F394B392EC597C100E51CE4 /* PBXTargetDependency */,
			);
			fileSystemSynchronizedGroups = (
				3F394B3A2EC597C100E51CE4 /* WeCareTests */,
			);
			name = WeCareTests;
			packageProductDependencies = (
			);
			productName = WeCareTests;
			productReference = 3F394B372EC597C100E51CE4 /* WeCareTests.xctest */;
			productType = "com.apple.product-type.bundle.unit-test";
		};
		3F394B402EC597C100E51CE4 /* WeCareUITests */ = {
			isa = PBXNativeTarget;
			buildConfigurationList = 3F394B512EC597C100E51CE4 /* Build configuration list for PBXNativeTarget "WeCareUITests" */;
			buildPhases = (
				3F394B3D2EC597C100E51CE4 /* Sources */,
				3F394B3E2EC597C100E51CE4 /* Frameworks */,
				3F394B3F2EC597C100E51CE4 /* Resources */,
			);
			buildRules = (
			);
			dependencies = (
				3F394B432EC597C100E51CE4 /* PBXTargetDependency */,
			);
			fileSystemSynchronizedGroups = (
				3F394B442EC597C100E51CE4 /* WeCareUITests */,
			);
			name = WeCareUITests;
			packageProductDependencies = (
			);
			productName = WeCareUITests;
			productReference = 3F394B412EC597C100E51CE4 /* WeCareUITests.xctest */;
			productType = "com.apple.product-type.bundle.ui-testing";
		};
/* End PBXNativeTarget section */

/* Begin PBXProject section */
		3F394B222EC597C000E51CE4 /* Project object */ = {
			isa = PBXProject;
			attributes = {
				BuildIndependentTargetsInParallel = 1;
				LastSwiftUpdateCheck = 2600;
				LastUpgradeCheck = 2600;
				TargetAttributes = {
					3F394B292EC597C000E51CE4 = {
						CreatedOnToolsVersion = 26.0.1;
					};
					3F394B362EC597C100E51CE4 = {
						CreatedOnToolsVersion = 26.0.1;
						TestTargetID = 3F394B292EC597C000E51CE4;
					};
					3F394B402EC597C100E51CE4 = {
						CreatedOnToolsVersion = 26.0.1;
						TestTargetID = 3F394B292EC597C000E51CE4;
					};
				};
			};
			buildConfigurationList = 3F394B252EC597C000E51CE4 /* Build configuration list for PBXProject "WeCare" */;
			developmentRegion = en;
			hasScannedForEncodings = 0;
			knownRegions = (
				en,
				Base,
			);
			mainGroup = 3F394B212EC597C000E51CE4;
			minimizedProjectReferenceProxies = 1;
			packageReferences = (
				3F656C8F2ECD8775006D8312 /* XCRemoteSwiftPackageReference "firebase-ios-sdk" */,
			);
			preferredProjectObjectVersion = 77;
			productRefGroup = 3F394B2B2EC597C000E51CE4 /* Products */;
			projectDirPath = "";
			projectRoot = "";
			targets = (
				3F394B292EC597C000E51CE4 /* WeCare */,
				3F394B362EC597C100E51CE4 /* WeCareTests */,
				3F394B402EC597C100E51CE4 /* WeCareUITests */,
			);
		};
/* End PBXProject section */

/* Begin PBXResourcesBuildPhase section */
		3F394B282EC597C000E51CE4 /* Resources */ = {
			isa = PBXResourcesBuildPhase;
			buildActionMask = 2147483647;
			files = (
			);
			runOnlyForDeploymentPostprocessing = 0;
		};
		3F394B352EC597C100E51CE4 /* Resources */ = {
			isa = PBXResourcesBuildPhase;
			buildActionMask = 2147483647;
			files = (
			);
			runOnlyForDeploymentPostprocessing = 0;
		};
		3F394B3F2EC597C100E51CE4 /* Resources */ = {
			isa = PBXResourcesBuildPhase;
			buildActionMask = 2147483647;
			files = (
			);
			runOnlyForDeploymentPostprocessing = 0;
		};
/* End PBXResourcesBuildPhase section */

/* Begin PBXSourcesBuildPhase section */
		3F394B262EC597C000E51CE4 /* Sources */ = {
			isa = PBXSourcesBuildPhase;
			buildActionMask = 2147483647;
			files = (
			);
			runOnlyForDeploymentPostprocessing = 0;
		};
		3F394B332EC597C100E51CE4 /* Sources */ = {
			isa = PBXSourcesBuildPhase;
			buildActionMask = 2147483647;
			files = (
			);
			runOnlyForDeploymentPostprocessing = 0;
		};
		3F394B3D2EC597C100E51CE4 /* Sources */ = {
			isa = PBXSourcesBuildPhase;
			buildActionMask = 2147483647;
			files = (
			);
			runOnlyForDeploymentPostprocessing = 0;
		};
/* End PBXSourcesBuildPhase section */

/* Begin PBXTargetDependency section */
		3F394B392EC597C100E51CE4 /* PBXTargetDependency */ = {
			isa = PBXTargetDependency;
			target = 3F394B292EC597C000E51CE4 /* WeCare */;
			targetProxy = 3F394B382EC597C100E51CE4 /* PBXContainerItemProxy */;
		};
		3F394B432EC597C100E51CE4 /* PBXTargetDependency */ = {
			isa = PBXTargetDependency;
			target = 3F394B292EC597C000E51CE4 /* WeCare */;
			targetProxy = 3F394B422EC597C100E51CE4 /* PBXContainerItemProxy */;
		};
/* End PBXTargetDependency section */

/* Begin XCBuildConfiguration section */
		3F394B492EC597C100E51CE4 /* Debug */ = {
			isa = XCBuildConfiguration;
			buildSettings = {
				ALWAYS_SEARCH_USER_PATHS = NO;
				ASSETCATALOG_COMPILER_GENERATE_SWIFT_ASSET_SYMBOL_EXTENSIONS = YES;
				CLANG_ANALYZER_NONNULL = YES;
				CLANG_ANALYZER_NUMBER_OBJECT_CONVERSION = YES_AGGRESSIVE;
				CLANG_CXX_LANGUAGE_STANDARD = "gnu++20";
				CLANG_ENABLE_MODULES = YES;
				CLANG_ENABLE_OBJC_ARC = YES;
				CLANG_ENABLE_OBJC_WEAK = YES;
				CLANG_WARN_BLOCK_CAPTURE_AUTORELEASING = YES;
				CLANG_WARN_BOOL_CONVERSION = YES;
				CLANG_WARN_COMMA = YES;
				CLANG_WARN_CONSTANT_CONVERSION = YES;
				CLANG_WARN_DEPRECATED_OBJC_IMPLEMENTATIONS = YES;
				CLANG_WARN_DIRECT_OBJC_ISA_USAGE = YES_ERROR;
				CLANG_WARN_DOCUMENTATION_COMMENTS = YES;
				CLANG_WARN_EMPTY_BODY = YES;
				CLANG_WARN_ENUM_CONVERSION = YES;
				CLANG_WARN_INFINITE_RECURSION = YES;
				CLANG_WARN_INT_CONVERSION = YES;
				CLANG_WARN_NON_LITERAL_NULL_CONVERSION = YES;
				CLANG_WARN_OBJC_IMPLICIT_RETAIN_SELF = YES;
				CLANG_WARN_OBJC_LITERAL_CONVERSION = YES;
				CLANG_WARN_OBJC_ROOT_CLASS = YES_ERROR;
				CLANG_WARN_QUOTED_INCLUDE_IN_FRAMEWORK_HEADER = YES;
				CLANG_WARN_RANGE_LOOP_ANALYSIS = YES;
				CLANG_WARN_STRICT_PROTOTYPES = YES;
				CLANG_WARN_SUSPICIOUS_MOVE = YES;
				CLANG_WARN_UNGUARDED_AVAILABILITY = YES_AGGRESSIVE;
				CLANG_WARN_UNREACHABLE_CODE = YES;
				CLANG_WARN__DUPLICATE_METHOD_MATCH = YES;
				COPY_PHASE_STRIP = NO;
				DEBUG_INFORMATION_FORMAT = dwarf;
				ENABLE_STRICT_OBJC_MSGSEND = YES;
				ENABLE_TESTABILITY = YES;
				ENABLE_USER_SCRIPT_SANDBOXING = YES;
				GCC_C_LANGUAGE_STANDARD = gnu17;
				GCC_DYNAMIC_NO_PIC = NO;
				GCC_NO_COMMON_BLOCKS = YES;
				GCC_OPTIMIZATION_LEVEL = 0;
				GCC_PREPROCESSOR_DEFINITIONS = (
					"DEBUG=1",
					"$(inherited)",
				);
				GCC_WARN_64_TO_32_BIT_CONVERSION = YES;
				GCC_WARN_ABOUT_RETURN_TYPE = YES_ERROR;
				GCC_WARN_UNDECLARED_SELECTOR = YES;
				GCC_WARN_UNINITIALIZED_AUTOS = YES_AGGRESSIVE;
				GCC_WARN_UNUSED_FUNCTION = YES;
				GCC_WARN_UNUSED_VARIABLE = YES;
				IPHONEOS_DEPLOYMENT_TARGET = 26.0;
				LOCALIZATION_PREFERS_STRING_CATALOGS = YES;
				MTL_ENABLE_DEBUG_INFO = INCLUDE_SOURCE;
				MTL_FAST_MATH = YES;
				ONLY_ACTIVE_ARCH = YES;
				SDKROOT = iphoneos;
				SWIFT_ACTIVE_COMPILATION_CONDITIONS = "DEBUG $(inherited)";
				SWIFT_OPTIMIZATION_LEVEL = "-Onone";
			};
			name = Debug;
		};
		3F394B4A2EC597C100E51CE4 /* Release */ = {
			isa = XCBuildConfiguration;
			buildSettings = {
				ALWAYS_SEARCH_USER_PATHS = NO;
				ASSETCATALOG_COMPILER_GENERATE_SWIFT_ASSET_SYMBOL_EXTENSIONS = YES;
				CLANG_ANALYZER_NONNULL = YES;
				CLANG_ANALYZER_NUMBER_OBJECT_CONVERSION = YES_AGGRESSIVE;
				CLANG_CXX_LANGUAGE_STANDARD = "gnu++20";
				CLANG_ENABLE_MODULES = YES;
				CLANG_ENABLE_OBJC_ARC = YES;
				CLANG_ENABLE_OBJC_WEAK = YES;
				CLANG_WARN_BLOCK_CAPTURE_AUTORELEASING = YES;
				CLANG_WARN_BOOL_CONVERSION = YES;
				CLANG_WARN_COMMA = YES;
				CLANG_WARN_CONSTANT_CONVERSION = YES;
				CLANG_WARN_DEPRECATED_OBJC_IMPLEMENTATIONS = YES;
				CLANG_WARN_DIRECT_OBJC_ISA_USAGE = YES_ERROR;
				CLANG_WARN_DOCUMENTATION_COMMENTS = YES;
				CLANG_WARN_EMPTY_BODY = YES;
				CLANG_WARN_ENUM_CONVERSION = YES;
				CLANG_WARN_INFINITE_RECURSION = YES;
				CLANG_WARN_INT_CONVERSION = YES;
				CLANG_WARN_NON_LITERAL_NULL_CONVERSION = YES;
				CLANG_WARN_OBJC_IMPLICIT_RETAIN_SELF = YES;
				CLANG_WARN_OBJC_LITERAL_CONVERSION = YES;
				CLANG_WARN_OBJC_ROOT_CLASS = YES_ERROR;
				CLANG_WARN_QUOTED_INCLUDE_IN_FRAMEWORK_HEADER = YES;
				CLANG_WARN_RANGE_LOOP_ANALYSIS = YES;
				CLANG_WARN_STRICT_PROTOTYPES = YES;
				CLANG_WARN_SUSPICIOUS_MOVE = YES;
				CLANG_WARN_UNGUARDED_AVAILABILITY = YES_AGGRESSIVE;
				CLANG_WARN_UNREACHABLE_CODE = YES;
				CLANG_WARN__DUPLICATE_METHOD_MATCH = YES;
				COPY_PHASE_STRIP = NO;
				DEBUG_INFORMATION_FORMAT = "dwarf-with-dsym";
				ENABLE_NS_ASSERTIONS = NO;
				ENABLE_STRICT_OBJC_MSGSEND = YES;
				ENABLE_USER_SCRIPT_SANDBOXING = YES;
				GCC_C_LANGUAGE_STANDARD = gnu17;
				GCC_NO_COMMON_BLOCKS = YES;
				GCC_WARN_64_TO_32_BIT_CONVERSION = YES;
				GCC_WARN_ABOUT_RETURN_TYPE = YES_ERROR;
				GCC_WARN_UNDECLARED_SELECTOR = YES;
				GCC_WARN_UNINITIALIZED_AUTOS = YES_AGGRESSIVE;
				GCC_WARN_UNUSED_FUNCTION = YES;
				GCC_WARN_UNUSED_VARIABLE = YES;
				IPHONEOS_DEPLOYMENT_TARGET = 26.0;
				LOCALIZATION_PREFERS_STRING_CATALOGS = YES;
				MTL_ENABLE_DEBUG_INFO = NO;
				MTL_FAST_MATH = YES;
				SDKROOT = iphoneos;
				SWIFT_COMPILATION_MODE = wholemodule;
				VALIDATE_PRODUCT = YES;
			};
			name = Release;
		};
		3F394B4C2EC597C100E51CE4 /* Debug */ = {
			isa = XCBuildConfiguration;
			buildSettings = {
				ASSETCATALOG_COMPILER_APPICON_NAME = AppIcon;
				ASSETCATALOG_COMPILER_GLOBAL_ACCENT_COLOR_NAME = AccentColor;
				CODE_SIGN_STYLE = Automatic;
				CURRENT_PROJECT_VERSION = 1;
				ENABLE_PREVIEWS = YES;
				GENERATE_INFOPLIST_FILE = YES;
				INFOPLIST_KEY_UIApplicationSceneManifest_Generation = YES;
				INFOPLIST_KEY_UIApplicationSupportsIndirectInputEvents = YES;
				INFOPLIST_KEY_UILaunchScreen_Generation = YES;
				INFOPLIST_KEY_UISupportedInterfaceOrientations_iPad = "UIInterfaceOrientationPortrait UIInterfaceOrientationPortraitUpsideDown UIInterfaceOrientationLandscapeLeft UIInterfaceOrientationLandscapeRight";
				INFOPLIST_KEY_UISupportedInterfaceOrientations_iPhone = "UIInterfaceOrientationPortrait UIInterfaceOrientationLandscapeLeft UIInterfaceOrientationLandscapeRight";
				LD_RUNPATH_SEARCH_PATHS = (
					"$(inherited)",
					"@executable_path/Frameworks",
				);
				MARKETING_VERSION = 1.0;
				PRODUCT_BUNDLE_IDENTIFIER = "UC.wecare-kevin";
				PRODUCT_NAME = "$(TARGET_NAME)";
				STRING_CATALOG_GENERATE_SYMBOLS = YES;
				SWIFT_APPROACHABLE_CONCURRENCY = YES;
				SWIFT_DEFAULT_ACTOR_ISOLATION = MainActor;
				SWIFT_EMIT_LOC_STRINGS = YES;
				SWIFT_UPCOMING_FEATURE_MEMBER_IMPORT_VISIBILITY = YES;
				SWIFT_VERSION = 5.0;
				TARGETED_DEVICE_FAMILY = "1,2";
			};
			name = Debug;
		};
		3F394B4D2EC597C100E51CE4 /* Release */ = {
			isa = XCBuildConfiguration;
			buildSettings = {
				ASSETCATALOG_COMPILER_APPICON_NAME = AppIcon;
				ASSETCATALOG_COMPILER_GLOBAL_ACCENT_COLOR_NAME = AccentColor;
				CODE_SIGN_STYLE = Automatic;
				CURRENT_PROJECT_VERSION = 1;
				ENABLE_PREVIEWS = YES;
				GENERATE_INFOPLIST_FILE = YES;
				INFOPLIST_KEY_UIApplicationSceneManifest_Generation = YES;
				INFOPLIST_KEY_UIApplicationSupportsIndirectInputEvents = YES;
				INFOPLIST_KEY_UILaunchScreen_Generation = YES;
				INFOPLIST_KEY_UISupportedInterfaceOrientations_iPad = "UIInterfaceOrientationPortrait UIInterfaceOrientationPortraitUpsideDown UIInterfaceOrientationLandscapeLeft UIInterfaceOrientationLandscapeRight";
				INFOPLIST_KEY_UISupportedInterfaceOrientations_iPhone = "UIInterfaceOrientationPortrait UIInterfaceOrientationLandscapeLeft UIInterfaceOrientationLandscapeRight";
				LD_RUNPATH_SEARCH_PATHS = (
					"$(inherited)",
					"@executable_path/Frameworks",
				);
				MARKETING_VERSION = 1.0;
				PRODUCT_BUNDLE_IDENTIFIER = "UC.wecare-kevin";
				PRODUCT_NAME = "$(TARGET_NAME)";
				STRING_CATALOG_GENERATE_SYMBOLS = YES;
				SWIFT_APPROACHABLE_CONCURRENCY = YES;
				SWIFT_DEFAULT_ACTOR_ISOLATION = MainActor;
				SWIFT_EMIT_LOC_STRINGS = YES;
				SWIFT_UPCOMING_FEATURE_MEMBER_IMPORT_VISIBILITY = YES;
				SWIFT_VERSION = 5.0;
				TARGETED_DEVICE_FAMILY = "1,2";
			};
			name = Release;
		};
		3F394B4F2EC597C100E51CE4 /* Debug */ = {
			isa = XCBuildConfiguration;
			buildSettings = {
				BUNDLE_LOADER = "$(TEST_HOST)";
				CODE_SIGN_STYLE = Automatic;
				CURRENT_PROJECT_VERSION = 1;
				GENERATE_INFOPLIST_FILE = YES;
				IPHONEOS_DEPLOYMENT_TARGET = 26.0;
				MARKETING_VERSION = 1.0;
				PRODUCT_BUNDLE_IDENTIFIER = UC.WeCareTests;
				PRODUCT_NAME = "$(TARGET_NAME)";
				STRING_CATALOG_GENERATE_SYMBOLS = NO;
				SWIFT_APPROACHABLE_CONCURRENCY = YES;
				SWIFT_EMIT_LOC_STRINGS = NO;
				SWIFT_UPCOMING_FEATURE_MEMBER_IMPORT_VISIBILITY = YES;
				SWIFT_VERSION = 5.0;
				TARGETED_DEVICE_FAMILY = "1,2";
				TEST_HOST = "$(BUILT_PRODUCTS_DIR)/WeCare.app/$(BUNDLE_EXECUTABLE_FOLDER_PATH)/WeCare";
			};
			name = Debug;
		};
		3F394B502EC597C100E51CE4 /* Release */ = {
			isa = XCBuildConfiguration;
			buildSettings = {
				BUNDLE_LOADER = "$(TEST_HOST)";
				CODE_SIGN_STYLE = Automatic;
				CURRENT_PROJECT_VERSION = 1;
				GENERATE_INFOPLIST_FILE = YES;
				IPHONEOS_DEPLOYMENT_TARGET = 26.0;
				MARKETING_VERSION = 1.0;
				PRODUCT_BUNDLE_IDENTIFIER = UC.WeCareTests;
				PRODUCT_NAME = "$(TARGET_NAME)";
				STRING_CATALOG_GENERATE_SYMBOLS = NO;
				SWIFT_APPROACHABLE_CONCURRENCY = YES;
				SWIFT_EMIT_LOC_STRINGS = NO;
				SWIFT_UPCOMING_FEATURE_MEMBER_IMPORT_VISIBILITY = YES;
				SWIFT_VERSION = 5.0;
				TARGETED_DEVICE_FAMILY = "1,2";
				TEST_HOST = "$(BUILT_PRODUCTS_DIR)/WeCare.app/$(BUNDLE_EXECUTABLE_FOLDER_PATH)/WeCare";
			};
			name = Release;
		};
		3F394B522EC597C100E51CE4 /* Debug */ = {
			isa = XCBuildConfiguration;
			buildSettings = {
				CODE_SIGN_STYLE = Automatic;
				CURRENT_PROJECT_VERSION = 1;
				GENERATE_INFOPLIST_FILE = YES;
				MARKETING_VERSION = 1.0;
				PRODUCT_BUNDLE_IDENTIFIER = UC.WeCareUITests;
				PRODUCT_NAME = "$(TARGET_NAME)";
				STRING_CATALOG_GENERATE_SYMBOLS = NO;
				SWIFT_APPROACHABLE_CONCURRENCY = YES;
				SWIFT_EMIT_LOC_STRINGS = NO;
				SWIFT_UPCOMING_FEATURE_MEMBER_IMPORT_VISIBILITY = YES;
				SWIFT_VERSION = 5.0;
				TARGETED_DEVICE_FAMILY = "1,2";
				TEST_TARGET_NAME = WeCare;
			};
			name = Debug;
		};
		3F394B532EC597C100E51CE4 /* Release */ = {
			isa = XCBuildConfiguration;
			buildSettings = {
				CODE_SIGN_STYLE = Automatic;
				CURRENT_PROJECT_VERSION = 1;
				GENERATE_INFOPLIST_FILE = YES;
				MARKETING_VERSION = 1.0;
				PRODUCT_BUNDLE_IDENTIFIER = UC.WeCareUITests;
				PRODUCT_NAME = "$(TARGET_NAME)";
				STRING_CATALOG_GENERATE_SYMBOLS = NO;
				SWIFT_APPROACHABLE_CONCURRENCY = YES;
				SWIFT_EMIT_LOC_STRINGS = NO;
				SWIFT_UPCOMING_FEATURE_MEMBER_IMPORT_VISIBILITY = YES;
				SWIFT_VERSION = 5.0;
				TARGETED_DEVICE_FAMILY = "1,2";
				TEST_TARGET_NAME = WeCare;
			};
			name = Release;
		};
/* End XCBuildConfiguration section */

/* Begin XCConfigurationList section */
		3F394B252EC597C000E51CE4 /* Build configuration list for PBXProject "WeCare" */ = {
			isa = XCConfigurationList;
			buildConfigurations = (
				3F394B492EC597C100E51CE4 /* Debug */,
				3F394B4A2EC597C100E51CE4 /* Release */,
			);
			defaultConfigurationIsVisible = 0;
			defaultConfigurationName = Release;
		};
		3F394B4B2EC597C100E51CE4 /* Build configuration list for PBXNativeTarget "WeCare" */ = {
			isa = XCConfigurationList;
			buildConfigurations = (
				3F394B4C2EC597C100E51CE4 /* Debug */,
				3F394B4D2EC597C100E51CE4 /* Release */,
			);
			defaultConfigurationIsVisible = 0;
			defaultConfigurationName = Release;
		};
		3F394B4E2EC597C100E51CE4 /* Build configuration list for PBXNativeTarget "WeCareTests" */ = {
			isa = XCConfigurationList;
			buildConfigurations = (
				3F394B4F2EC597C100E51CE4 /* Debug */,
				3F394B502EC597C100E51CE4 /* Release */,
			);
			defaultConfigurationIsVisible = 0;
			defaultConfigurationName = Release;
		};
		3F394B512EC597C100E51CE4 /* Build configuration list for PBXNativeTarget "WeCareUITests" */ = {
			isa = XCConfigurationList;
			buildConfigurations = (
				3F394B522EC597C100E51CE4 /* Debug */,
				3F394B532EC597C100E51CE4 /* Release */,
			);
			defaultConfigurationIsVisible = 0;
			defaultConfigurationName = Release;
		};
/* End XCConfigurationList section */

/* Begin XCRemoteSwiftPackageReference section */
		3F656C8F2ECD8775006D8312 /* XCRemoteSwiftPackageReference "firebase-ios-sdk" */ = {
			isa = XCRemoteSwiftPackageReference;
			repositoryURL = "https://github.com/firebase/firebase-ios-sdk";
			requirement = {
				kind = upToNextMajorVersion;
				minimumVersion = 12.6.0;
			};
		};
/* End XCRemoteSwiftPackageReference section */

/* Begin XCSwiftPackageProductDependency section */
		3F656C902ECD8775006D8312 /* FirebaseAnalytics */ = {
			isa = XCSwiftPackageProductDependency;
			package = 3F656C8F2ECD8775006D8312 /* XCRemoteSwiftPackageReference "firebase-ios-sdk" */;
			productName = FirebaseAnalytics;
		};
		3F656C922ECD8BD7006D8312 /* FirebaseAuth */ = {
			isa = XCSwiftPackageProductDependency;
			package = 3F656C8F2ECD8775006D8312 /* XCRemoteSwiftPackageReference "firebase-ios-sdk" */;
			productName = FirebaseAuth;
		};
		3F656C942ECD8BD7006D8312 /* FirebaseCore */ = {
			isa = XCSwiftPackageProductDependency;
			package = 3F656C8F2ECD8775006D8312 /* XCRemoteSwiftPackageReference "firebase-ios-sdk" */;
			productName = FirebaseCore;
		};
		3F656C962ECD8BD7006D8312 /* FirebaseFirestore */ = {
			isa = XCSwiftPackageProductDependency;
			package = 3F656C8F2ECD8775006D8312 /* XCRemoteSwiftPackageReference "firebase-ios-sdk" */;
			productName = FirebaseFirestore;
		};
/* End XCSwiftPackageProductDependency section */
	};
	rootObject = 3F394B222EC597C000E51CE4 /* Project object */;
}
